// !$*UTF8*$!
{
	archiveVersion = 1;
	classes = {
	};
	objectVersion = 56;
	objects = {

/* Begin PBXBuildFile section */
		323C3A4C2A1BB2DE00DC1856 /* RecordViewController.swift in Sources */ = {isa = PBXBuildFile; fileRef = 323C3A4B2A1BB2DE00DC1856 /* RecordViewController.swift */; };
		3276E72B29F2C3E4004DE37D /* AppDelegate.swift in Sources */ = {isa = PBXBuildFile; fileRef = 3276E72A29F2C3E4004DE37D /* AppDelegate.swift */; };
		3276E72D29F2C3E4004DE37D /* SceneDelegate.swift in Sources */ = {isa = PBXBuildFile; fileRef = 3276E72C29F2C3E4004DE37D /* SceneDelegate.swift */; };
		3276E73429F2C3E5004DE37D /* Assets.xcassets in Resources */ = {isa = PBXBuildFile; fileRef = 3276E73329F2C3E5004DE37D /* Assets.xcassets */; };
		3276E74D29F2C693004DE37D /* Game.swift in Sources */ = {isa = PBXBuildFile; fileRef = 3276E74C29F2C693004DE37D /* Game.swift */; };
		3276E74F29F2C826004DE37D /* GameViewController.swift in Sources */ = {isa = PBXBuildFile; fileRef = 3276E74E29F2C826004DE37D /* GameViewController.swift */; };
		3276E75229F2C839004DE37D /* SettingsTableViewController.swift in Sources */ = {isa = PBXBuildFile; fileRef = 3276E75029F2C839004DE37D /* SettingsTableViewController.swift */; };
		3276E75329F2C839004DE37D /* SelectTimeViewController.swift in Sources */ = {isa = PBXBuildFile; fileRef = 3276E75129F2C839004DE37D /* SelectTimeViewController.swift */; };
		3276E75829F2C84D004DE37D /* LaunchScreen.storyboard in Resources */ = {isa = PBXBuildFile; fileRef = 3276E75429F2C84D004DE37D /* LaunchScreen.storyboard */; };
		3276E75929F2C84D004DE37D /* Main.storyboard in Resources */ = {isa = PBXBuildFile; fileRef = 3276E75629F2C84D004DE37D /* Main.storyboard */; };
		32ECBF6829F7C1F9009A14E2 /* Settings.swift in Sources */ = {isa = PBXBuildFile; fileRef = 32ECBF6729F7C1F9009A14E2 /* Settings.swift */; };
/* End PBXBuildFile section */

/* Begin PBXFileReference section */
		323C3A4B2A1BB2DE00DC1856 /* RecordViewController.swift */ = {isa = PBXFileReference; lastKnownFileType = sourcecode.swift; path = RecordViewController.swift; sourceTree = "<group>"; };
		3276E72729F2C3E4004DE37D /* IOS_task.app */ = {isa = PBXFileReference; explicitFileType = wrapper.application; includeInIndex = 0; path = IOS_task.app; sourceTree = BUILT_PRODUCTS_DIR; };
		3276E72A29F2C3E4004DE37D /* AppDelegate.swift */ = {isa = PBXFileReference; lastKnownFileType = sourcecode.swift; path = AppDelegate.swift; sourceTree = "<group>"; };
		3276E72C29F2C3E4004DE37D /* SceneDelegate.swift */ = {isa = PBXFileReference; lastKnownFileType = sourcecode.swift; path = SceneDelegate.swift; sourceTree = "<group>"; };
		3276E73329F2C3E5004DE37D /* Assets.xcassets */ = {isa = PBXFileReference; lastKnownFileType = folder.assetcatalog; path = Assets.xcassets; sourceTree = "<group>"; };
		3276E73829F2C3E5004DE37D /* Info.plist */ = {isa = PBXFileReference; lastKnownFileType = text.plist.xml; path = Info.plist; sourceTree = "<group>"; };
		3276E74C29F2C693004DE37D /* Game.swift */ = {isa = PBXFileReference; lastKnownFileType = sourcecode.swift; path = Game.swift; sourceTree = "<group>"; };
		3276E74E29F2C826004DE37D /* GameViewController.swift */ = {isa = PBXFileReference; fileEncoding = 4; lastKnownFileType = sourcecode.swift; path = GameViewController.swift; sourceTree = "<group>"; };
		3276E75029F2C839004DE37D /* SettingsTableViewController.swift */ = {isa = PBXFileReference; fileEncoding = 4; lastKnownFileType = sourcecode.swift; path = SettingsTableViewController.swift; sourceTree = "<group>"; };
		3276E75129F2C839004DE37D /* SelectTimeViewController.swift */ = {isa = PBXFileReference; fileEncoding = 4; lastKnownFileType = sourcecode.swift; path = SelectTimeViewController.swift; sourceTree = "<group>"; };
		3276E75529F2C84D004DE37D /* Base */ = {isa = PBXFileReference; lastKnownFileType = file.storyboard; name = Base; path = Base.lproj/LaunchScreen.storyboard; sourceTree = "<group>"; };
		3276E75729F2C84D004DE37D /* Base */ = {isa = PBXFileReference; lastKnownFileType = file.storyboard; name = Base; path = Base.lproj/Main.storyboard; sourceTree = "<group>"; };
		32ECBF6729F7C1F9009A14E2 /* Settings.swift */ = {isa = PBXFileReference; lastKnownFileType = sourcecode.swift; path = Settings.swift; sourceTree = "<group>"; };
/* End PBXFileReference section */

/* Begin PBXFrameworksBuildPhase section */
		3276E72429F2C3E4004DE37D /* Frameworks */ = {
			isa = PBXFrameworksBuildPhase;
			buildActionMask = 2147483647;
			files = (
			);
			runOnlyForDeploymentPostprocessing = 0;
		};
/* End PBXFrameworksBuildPhase section */

/* Begin PBXGroup section */
		3276E71E29F2C3E4004DE37D = {
			isa = PBXGroup;
			children = (
				3276E72929F2C3E4004DE37D /* IOS_task */,
				3276E72829F2C3E4004DE37D /* Products */,
			);
			sourceTree = "<group>";
		};
		3276E72829F2C3E4004DE37D /* Products */ = {
			isa = PBXGroup;
			children = (
				3276E72729F2C3E4004DE37D /* IOS_task.app */,
			);
			name = Products;
			sourceTree = "<group>";
		};
		3276E72929F2C3E4004DE37D /* IOS_task */ = {
			isa = PBXGroup;
			children = (
				3276E75429F2C84D004DE37D /* LaunchScreen.storyboard */,
				3276E75629F2C84D004DE37D /* Main.storyboard */,
				3276E74C29F2C693004DE37D /* Game.swift */,
				3276E75129F2C839004DE37D /* SelectTimeViewController.swift */,
				3276E75029F2C839004DE37D /* SettingsTableViewController.swift */,
				3276E74E29F2C826004DE37D /* GameViewController.swift */,
				3276E72A29F2C3E4004DE37D /* AppDelegate.swift */,
				3276E72C29F2C3E4004DE37D /* SceneDelegate.swift */,
				3276E73329F2C3E5004DE37D /* Assets.xcassets */,
				3276E73829F2C3E5004DE37D /* Info.plist */,
				32ECBF6729F7C1F9009A14E2 /* Settings.swift */,
				323C3A4B2A1BB2DE00DC1856 /* RecordViewController.swift */,
			);
			path = IOS_task;
			sourceTree = "<group>";
		};
/* End PBXGroup section */

/* Begin PBXNativeTarget section */
		3276E72629F2C3E4004DE37D /* IOS_task */ = {
			isa = PBXNativeTarget;
			buildConfigurationList = 3276E73B29F2C3E5004DE37D /* Build configuration list for PBXNativeTarget "IOS_task" */;
			buildPhases = (
				3276E72329F2C3E4004DE37D /* Sources */,
				3276E72429F2C3E4004DE37D /* Frameworks */,
				3276E72529F2C3E4004DE37D /* Resources */,
			);
			buildRules = (
			);
			dependencies = (
			);
			name = IOS_task;
			productName = IOS_task;
			productReference = 3276E72729F2C3E4004DE37D /* IOS_task.app */;
			productType = "com.apple.product-type.application";
		};
/* End PBXNativeTarget section */

/* Begin PBXProject section */
		3276E71F29F2C3E4004DE37D /* Project object */ = {
			isa = PBXProject;
			attributes = {
				BuildIndependentTargetsInParallel = 1;
				LastSwiftUpdateCheck = 1430;
				LastUpgradeCheck = 1430;
				TargetAttributes = {
					3276E72629F2C3E4004DE37D = {
						CreatedOnToolsVersion = 14.3;
					};
				};
			};
			buildConfigurationList = 3276E72229F2C3E4004DE37D /* Build configuration list for PBXProject "IOS_task" */;
			compatibilityVersion = "Xcode 14.0";
			developmentRegion = en;
			hasScannedForEncodings = 0;
			knownRegions = (
				en,
				Base,
			);
			mainGroup = 3276E71E29F2C3E4004DE37D;
			productRefGroup = 3276E72829F2C3E4004DE37D /* Products */;
			projectDirPath = "";
			projectRoot = "";
			targets = (
				3276E72629F2C3E4004DE37D /* IOS_task */,
			);
		};
/* End PBXProject section */

/* Begin PBXResourcesBuildPhase section */
		3276E72529F2C3E4004DE37D /* Resources */ = {
			isa = PBXResourcesBuildPhase;
			buildActionMask = 2147483647;
			files = (
				3276E75929F2C84D004DE37D /* Main.storyboard in Resources */,
				3276E73429F2C3E5004DE37D /* Assets.xcassets in Resources */,
				3276E75829F2C84D004DE37D /* LaunchScreen.storyboard in Resources */,
			);
			runOnlyForDeploymentPostprocessing = 0;
		};
/* End PBXResourcesBuildPhase section */

/* Begin PBXSourcesBuildPhase section */
		3276E72329F2C3E4004DE37D /* Sources */ = {
			isa = PBXSourcesBuildPhase;
			buildActionMask = 2147483647;
			files = (
				3276E74D29F2C693004DE37D /* Game.swift in Sources */,
				3276E72B29F2C3E4004DE37D /* AppDelegate.swift in Sources */,
				3276E75229F2C839004DE37D /* SettingsTableViewController.swift in Sources */,
				323C3A4C2A1BB2DE00DC1856 /* RecordViewController.swift in Sources */,
				3276E72D29F2C3E4004DE37D /* SceneDelegate.swift in Sources */,
				32ECBF6829F7C1F9009A14E2 /* Settings.swift in Sources */,
				3276E74F29F2C826004DE37D /* GameViewController.swift in Sources */,
				3276E75329F2C839004DE37D /* SelectTimeViewController.swift in Sources */,
			);
			runOnlyForDeploymentPostprocessing = 0;
		};
/* End PBXSourcesBuildPhase section */

/* Begin PBXVariantGroup section */
		3276E75429F2C84D004DE37D /* LaunchScreen.storyboard */ = {
			isa = PBXVariantGroup;
			children = (
				3276E75529F2C84D004DE37D /* Base */,
			);
			name = LaunchScreen.storyboard;
			sourceTree = "<group>";
		};
		3276E75629F2C84D004DE37D /* Main.storyboard */ = {
			isa = PBXVariantGroup;
			children = (
				3276E75729F2C84D004DE37D /* Base */,
			);
			name = Main.storyboard;
			sourceTree = "<group>";
		};
/* End PBXVariantGroup section */

/* Begin XCBuildConfiguration section */
		3276E73929F2C3E5004DE37D /* Debug */ = {
			isa = XCBuildConfiguration;
			buildSettings = {
				ALWAYS_SEARCH_USER_PATHS = NO;
				CLANG_ANALYZER_NONNULL = YES;
				CLANG_ANALYZER_NUMBER_OBJECT_CONVERSION = YES_AGGRESSIVE;
				CLANG_CXX_LANGUAGE_STANDARD = "gnu++20";
				CLANG_ENABLE_MODULES = YES;
				CLANG_ENABLE_OBJC_ARC = YES;
				CLANG_ENABLE_OBJC_WEAK = YES;
				CLANG_WARN_BLOCK_CAPTURE_AUTORELEASING = YES;
				CLANG_WARN_BOOL_CONVERSION = YES;
				CLANG_WARN_COMMA = YES;
				CLANG_WARN_CONSTANT_CONVERSION = YES;
				CLANG_WARN_DEPRECATED_OBJC_IMPLEMENTATIONS = YES;
				CLANG_WARN_DIRECT_OBJC_ISA_USAGE = YES_ERROR;
				CLANG_WARN_DOCUMENTATION_COMMENTS = YES;
				CLANG_WARN_EMPTY_BODY = YES;
				CLANG_WARN_ENUM_CONVERSION = YES;
				CLANG_WARN_INFINITE_RECURSION = YES;
				CLANG_WARN_INT_CONVERSION = YES;
				CLANG_WARN_NON_LITERAL_NULL_CONVERSION = YES;
				CLANG_WARN_OBJC_IMPLICIT_RETAIN_SELF = YES;
				CLANG_WARN_OBJC_LITERAL_CONVERSION = YES;
				CLANG_WARN_OBJC_ROOT_CLASS = YES_ERROR;
				CLANG_WARN_QUOTED_INCLUDE_IN_FRAMEWORK_HEADER = YES;
				CLANG_WARN_RANGE_LOOP_ANALYSIS = YES;
				CLANG_WARN_STRICT_PROTOTYPES = YES;
				CLANG_WARN_SUSPICIOUS_MOVE = YES;
				CLANG_WARN_UNGUARDED_AVAILABILITY = YES_AGGRESSIVE;
				CLANG_WARN_UNREACHABLE_CODE = YES;
				CLANG_WARN__DUPLICATE_METHOD_MATCH = YES;
				COPY_PHASE_STRIP = NO;
				DEBUG_INFORMATION_FORMAT = dwarf;
				ENABLE_STRICT_OBJC_MSGSEND = YES;
				ENABLE_TESTABILITY = YES;
				GCC_C_LANGUAGE_STANDARD = gnu11;
				GCC_DYNAMIC_NO_PIC = NO;
				GCC_NO_COMMON_BLOCKS = YES;
				GCC_OPTIMIZATION_LEVEL = 0;
				GCC_PREPROCESSOR_DEFINITIONS = (
					"DEBUG=1",
					"$(inherited)",
				);
				GCC_WARN_64_TO_32_BIT_CONVERSION = YES;
				GCC_WARN_ABOUT_RETURN_TYPE = YES_ERROR;
				GCC_WARN_UNDECLARED_SELECTOR = YES;
				GCC_WARN_UNINITIALIZED_AUTOS = YES_AGGRESSIVE;
				GCC_WARN_UNUSED_FUNCTION = YES;
				GCC_WARN_UNUSED_VARIABLE = YES;
				IPHONEOS_DEPLOYMENT_TARGET = 16.4;
				MTL_ENABLE_DEBUG_INFO = INCLUDE_SOURCE;
				MTL_FAST_MATH = YES;
				ONLY_ACTIVE_ARCH = YES;
				SDKROOT = iphoneos;
				SWIFT_ACTIVE_COMPILATION_CONDITIONS = DEBUG;
				SWIFT_OPTIMIZATION_LEVEL = "-Onone";
			};
			name = Debug;
		};
		3276E73A29F2C3E5004DE37D /* Release */ = {
			isa = XCBuildConfiguration;
			buildSettings = {
				ALWAYS_SEARCH_USER_PATHS = NO;
				CLANG_ANALYZER_NONNULL = YES;
				CLANG_ANALYZER_NUMBER_OBJECT_CONVERSION = YES_AGGRESSIVE;
				CLANG_CXX_LANGUAGE_STANDARD = "gnu++20";
				CLANG_ENABLE_MODULES = YES;
				CLANG_ENABLE_OBJC_ARC = YES;
				CLANG_ENABLE_OBJC_WEAK = YES;
				CLANG_WARN_BLOCK_CAPTURE_AUTORELEASING = YES;
				CLANG_WARN_BOOL_CONVERSION = YES;
				CLANG_WARN_COMMA = YES;
				CLANG_WARN_CONSTANT_CONVERSION = YES;
				CLANG_WARN_DEPRECATED_OBJC_IMPLEMENTATIONS = YES;
				CLANG_WARN_DIRECT_OBJC_ISA_USAGE = YES_ERROR;
				CLANG_WARN_DOCUMENTATION_COMMENTS = YES;
				CLANG_WARN_EMPTY_BODY = YES;
				CLANG_WARN_ENUM_CONVERSION = YES;
				CLANG_WARN_INFINITE_RECURSION = YES;
				CLANG_WARN_INT_CONVERSION = YES;
				CLANG_WARN_NON_LITERAL_NULL_CONVERSION = YES;
				CLANG_WARN_OBJC_IMPLICIT_RETAIN_SELF = YES;
				CLANG_WARN_OBJC_LITERAL_CONVERSION = YES;
				CLANG_WARN_OBJC_ROOT_CLASS = YES_ERROR;
				CLANG_WARN_QUOTED_INCLUDE_IN_FRAMEWORK_HEADER = YES;
				CLANG_WARN_RANGE_LOOP_ANALYSIS = YES;
				CLANG_WARN_STRICT_PROTOTYPES = YES;
				CLANG_WARN_SUSPICIOUS_MOVE = YES;
				CLANG_WARN_UNGUARDED_AVAILABILITY = YES_AGGRESSIVE;
				CLANG_WARN_UNREACHABLE_CODE = YES;
				CLANG_WARN__DUPLICATE_METHOD_MATCH = YES;
				COPY_PHASE_STRIP = NO;
				DEBUG_INFORMATION_FORMAT = "dwarf-with-dsym";
				ENABLE_NS_ASSERTIONS = NO;
				ENABLE_STRICT_OBJC_MSGSEND = YES;
				GCC_C_LANGUAGE_STANDARD = gnu11;
				GCC_NO_COMMON_BLOCKS = YES;
				GCC_WARN_64_TO_32_BIT_CONVERSION = YES;
				GCC_WARN_ABOUT_RETURN_TYPE = YES_ERROR;
				GCC_WARN_UNDECLARED_SELECTOR = YES;
				GCC_WARN_UNINITIALIZED_AUTOS = YES_AGGRESSIVE;
				GCC_WARN_UNUSED_FUNCTION = YES;
				GCC_WARN_UNUSED_VARIABLE = YES;
				IPHONEOS_DEPLOYMENT_TARGET = 16.4;
				MTL_ENABLE_DEBUG_INFO = NO;
				MTL_FAST_MATH = YES;
				SDKROOT = iphoneos;
				SWIFT_COMPILATION_MODE = wholemodule;
				SWIFT_OPTIMIZATION_LEVEL = "-O";
				VALIDATE_PRODUCT = YES;
			};
			name = Release;
		};
		3276E73C29F2C3E5004DE37D /* Debug */ = {
			isa = XCBuildConfiguration;
			buildSettings = {
				ASSETCATALOG_COMPILER_APPICON_NAME = AppIcon;
				ASSETCATALOG_COMPILER_GLOBAL_ACCENT_COLOR_NAME = AccentColor;
				CODE_SIGN_STYLE = Automatic;
				CURRENT_PROJECT_VERSION = 1;
				DEVELOPMENT_TEAM = Q7HLS9L7NM;
				GENERATE_INFOPLIST_FILE = YES;
				INFOPLIST_FILE = IOS_task/Info.plist;
				INFOPLIST_KEY_UIApplicationSupportsIndirectInputEvents = YES;
				INFOPLIST_KEY_UILaunchStoryboardName = LaunchScreen;
				INFOPLIST_KEY_UIMainStoryboardFile = Main;
				INFOPLIST_KEY_UISupportedInterfaceOrientations_iPad = "UIInterfaceOrientationPortrait UIInterfaceOrientationPortraitUpsideDown UIInterfaceOrientationLandscapeLeft UIInterfaceOrientationLandscapeRight";
				INFOPLIST_KEY_UISupportedInterfaceOrientations_iPhone = "UIInterfaceOrientationPortrait UIInterfaceOrientationLandscapeLeft UIInterfaceOrientationLandscapeRight";
				LD_RUNPATH_SEARCH_PATHS = (
					"$(inherited)",
					"@executable_path/Frameworks",
				);
				MARKETING_VERSION = 1.0;
				PRODUCT_BUNDLE_IDENTIFIER = "ijdag.IOS-task";
				PRODUCT_NAME = "$(TARGET_NAME)";
				SUPPORTED_PLATFORMS = "iphoneos iphonesimulator";
				SUPPORTS_MACCATALYST = NO;
				SUPPORTS_MAC_DESIGNED_FOR_IPHONE_IPAD = NO;
				SWIFT_EMIT_LOC_STRINGS = YES;
				SWIFT_VERSION = 5.0;
				TARGETED_DEVICE_FAMILY = "1,2";
			};
			name = Debug;
		};
		3276E73D29F2C3E5004DE37D /* Release */ = {
			isa = XCBuildConfiguration;
			buildSettings = {
				ASSETCATALOG_COMPILER_APPICON_NAME = AppIcon;
				ASSETCATALOG_COMPILER_GLOBAL_ACCENT_COLOR_NAME = AccentColor;
				CODE_SIGN_STYLE = Automatic;
				CURRENT_PROJECT_VERSION = 1;
				DEVELOPMENT_TEAM = Q7HLS9L7NM;
				GENERATE_INFOPLIST_FILE = YES;
				INFOPLIST_FILE = IOS_task/Info.plist;
				INFOPLIST_KEY_UIApplicationSupportsIndirectInputEvents = YES;
				INFOPLIST_KEY_UILaunchStoryboardName = LaunchScreen;
				INFOPLIST_KEY_UIMainStoryboardFile = Main;
				INFOPLIST_KEY_UISupportedInterfaceOrientations_iPad = "UIInterfaceOrientationPortrait UIInterfaceOrientationPortraitUpsideDown UIInterfaceOrientationLandscapeLeft UIInterfaceOrientationLandscapeRight";
				INFOPLIST_KEY_UISupportedInterfaceOrientations_iPhone = "UIInterfaceOrientationPortrait UIInterfaceOrientationLandscapeLeft UIInterfaceOrientationLandscapeRight";
				LD_RUNPATH_SEARCH_PATHS = (
					"$(inherited)",
					"@executable_path/Frameworks",
				);
				MARKETING_VERSION = 1.0;
				PRODUCT_BUNDLE_IDENTIFIER = "ijdag.IOS-task";
				PRODUCT_NAME = "$(TARGET_NAME)";
				SUPPORTED_PLATFORMS = "iphoneos iphonesimulator";
				SUPPORTS_MACCATALYST = NO;
				SUPPORTS_MAC_DESIGNED_FOR_IPHONE_IPAD = NO;
				SWIFT_EMIT_LOC_STRINGS = YES;
				SWIFT_VERSION = 5.0;
				TARGETED_DEVICE_FAMILY = "1,2";
			};
			name = Release;
		};
/* End XCBuildConfiguration section */

/* Begin XCConfigurationList section */
		3276E72229F2C3E4004DE37D /* Build configuration list for PBXProject "IOS_task" */ = {
			isa = XCConfigurationList;
			buildConfigurations = (
				3276E73929F2C3E5004DE37D /* Debug */,
				3276E73A29F2C3E5004DE37D /* Release */,
			);
			defaultConfigurationIsVisible = 0;
			defaultConfigurationName = Release;
		};
		3276E73B29F2C3E5004DE37D /* Build configuration list for PBXNativeTarget "IOS_task" */ = {
			isa = XCConfigurationList;
			buildConfigurations = (
				3276E73C29F2C3E5004DE37D /* Debug */,
				3276E73D29F2C3E5004DE37D /* Release */,
			);
			defaultConfigurationIsVisible = 0;
			defaultConfigurationName = Release;
		};
/* End XCConfigurationList section */
	};
	rootObject = 3276E71F29F2C3E4004DE37D /* Project object */;
}
